// !$*UTF8*$!
{
	archiveVersion = 1;
	classes = {
	};
	objectVersion = 56;
	objects = {

/* Begin PBXBuildFile section */
		043868902ACE9DFE007E6E4D /* MobCompW3App.swift in Sources */ = {isa = PBXBuildFile; fileRef = 0438688F2ACE9DFE007E6E4D /* MobCompW3App.swift */; };
		043868922ACE9DFE007E6E4D /* ContentView.swift in Sources */ = {isa = PBXBuildFile; fileRef = 043868912ACE9DFE007E6E4D /* ContentView.swift */; };
		043868942ACE9DFF007E6E4D /* Assets.xcassets in Resources */ = {isa = PBXBuildFile; fileRef = 043868932ACE9DFF007E6E4D /* Assets.xcassets */; };
		043868972ACE9DFF007E6E4D /* Preview Assets.xcassets in Resources */ = {isa = PBXBuildFile; fileRef = 043868962ACE9DFF007E6E4D /* Preview Assets.xcassets */; };
		043868A12ACE9DFF007E6E4D /* MobCompW3Tests.swift in Sources */ = {isa = PBXBuildFile; fileRef = 043868A02ACE9DFF007E6E4D /* MobCompW3Tests.swift */; };
		043868AB2ACE9DFF007E6E4D /* MobCompW3UITests.swift in Sources */ = {isa = PBXBuildFile; fileRef = 043868AA2ACE9DFF007E6E4D /* MobCompW3UITests.swift */; };
		043868AD2ACE9E00007E6E4D /* MobCompW3UITestsLaunchTests.swift in Sources */ = {isa = PBXBuildFile; fileRef = 043868AC2ACE9E00007E6E4D /* MobCompW3UITestsLaunchTests.swift */; };
		043868BB2ACE9E4C007E6E4D /* Calculator.swift in Sources */ = {isa = PBXBuildFile; fileRef = 043868BA2ACE9E4C007E6E4D /* Calculator.swift */; };
		043868BE2ACEA7A9007E6E4D /* ControlButton.swift in Sources */ = {isa = PBXBuildFile; fileRef = 043868BD2ACEA7A9007E6E4D /* ControlButton.swift */; };
/* End PBXBuildFile section */

/* Begin PBXContainerItemProxy section */
		0438689D2ACE9DFF007E6E4D /* PBXContainerItemProxy */ = {
			isa = PBXContainerItemProxy;
			containerPortal = 043868842ACE9DFE007E6E4D /* Project object */;
			proxyType = 1;
			remoteGlobalIDString = 0438688B2ACE9DFE007E6E4D;
			remoteInfo = MobCompW3;
		};
		043868A72ACE9DFF007E6E4D /* PBXContainerItemProxy */ = {
			isa = PBXContainerItemProxy;
			containerPortal = 043868842ACE9DFE007E6E4D /* Project object */;
			proxyType = 1;
			remoteGlobalIDString = 0438688B2ACE9DFE007E6E4D;
			remoteInfo = MobCompW3;
		};
/* End PBXContainerItemProxy section */

/* Begin PBXFileReference section */
		0438688C2ACE9DFE007E6E4D /* MobCompW3.app */ = {isa = PBXFileReference; explicitFileType = wrapper.application; includeInIndex = 0; path = MobCompW3.app; sourceTree = BUILT_PRODUCTS_DIR; };
		0438688F2ACE9DFE007E6E4D /* MobCompW3App.swift */ = {isa = PBXFileReference; lastKnownFileType = sourcecode.swift; path = MobCompW3App.swift; sourceTree = "<group>"; };
		043868912ACE9DFE007E6E4D /* ContentView.swift */ = {isa = PBXFileReference; lastKnownFileType = sourcecode.swift; path = ContentView.swift; sourceTree = "<group>"; };
		043868932ACE9DFF007E6E4D /* Assets.xcassets */ = {isa = PBXFileReference; lastKnownFileType = folder.assetcatalog; path = Assets.xcassets; sourceTree = "<group>"; };
		043868962ACE9DFF007E6E4D /* Preview Assets.xcassets */ = {isa = PBXFileReference; lastKnownFileType = folder.assetcatalog; path = "Preview Assets.xcassets"; sourceTree = "<group>"; };
		0438689C2ACE9DFF007E6E4D /* MobCompW3Tests.xctest */ = {isa = PBXFileReference; explicitFileType = wrapper.cfbundle; includeInIndex = 0; path = MobCompW3Tests.xctest; sourceTree = BUILT_PRODUCTS_DIR; };
		043868A02ACE9DFF007E6E4D /* MobCompW3Tests.swift */ = {isa = PBXFileReference; lastKnownFileType = sourcecode.swift; path = MobCompW3Tests.swift; sourceTree = "<group>"; };
		043868A62ACE9DFF007E6E4D /* MobCompW3UITests.xctest */ = {isa = PBXFileReference; explicitFileType = wrapper.cfbundle; includeInIndex = 0; path = MobCompW3UITests.xctest; sourceTree = BUILT_PRODUCTS_DIR; };
		043868AA2ACE9DFF007E6E4D /* MobCompW3UITests.swift */ = {isa = PBXFileReference; lastKnownFileType = sourcecode.swift; path = MobCompW3UITests.swift; sourceTree = "<group>"; };
		043868AC2ACE9E00007E6E4D /* MobCompW3UITestsLaunchTests.swift */ = {isa = PBXFileReference; lastKnownFileType = sourcecode.swift; path = MobCompW3UITestsLaunchTests.swift; sourceTree = "<group>"; };
		043868BA2ACE9E4C007E6E4D /* Calculator.swift */ = {isa = PBXFileReference; lastKnownFileType = sourcecode.swift; path = Calculator.swift; sourceTree = "<group>"; };
		043868BD2ACEA7A9007E6E4D /* ControlButton.swift */ = {isa = PBXFileReference; lastKnownFileType = sourcecode.swift; path = ControlButton.swift; sourceTree = "<group>"; };
/* End PBXFileReference section */

/* Begin PBXFrameworksBuildPhase section */
		043868892ACE9DFE007E6E4D /* Frameworks */ = {
			isa = PBXFrameworksBuildPhase;
			buildActionMask = 2147483647;
			files = (
			);
			runOnlyForDeploymentPostprocessing = 0;
		};
		043868992ACE9DFF007E6E4D /* Frameworks */ = {
			isa = PBXFrameworksBuildPhase;
			buildActionMask = 2147483647;
			files = (
			);
			runOnlyForDeploymentPostprocessing = 0;
		};
		043868A32ACE9DFF007E6E4D /* Frameworks */ = {
			isa = PBXFrameworksBuildPhase;
			buildActionMask = 2147483647;
			files = (
			);
			runOnlyForDeploymentPostprocessing = 0;
		};
/* End PBXFrameworksBuildPhase section */

/* Begin PBXGroup section */
		043868832ACE9DFE007E6E4D = {
			isa = PBXGroup;
			children = (
				0438688E2ACE9DFE007E6E4D /* MobCompW3 */,
				0438689F2ACE9DFF007E6E4D /* MobCompW3Tests */,
				043868A92ACE9DFF007E6E4D /* MobCompW3UITests */,
				0438688D2ACE9DFE007E6E4D /* Products */,
			);
			sourceTree = "<group>";
		};
		0438688D2ACE9DFE007E6E4D /* Products */ = {
			isa = PBXGroup;
			children = (
				0438688C2ACE9DFE007E6E4D /* MobCompW3.app */,
				0438689C2ACE9DFF007E6E4D /* MobCompW3Tests.xctest */,
				043868A62ACE9DFF007E6E4D /* MobCompW3UITests.xctest */,
			);
			name = Products;
			sourceTree = "<group>";
		};
		0438688E2ACE9DFE007E6E4D /* MobCompW3 */ = {
			isa = PBXGroup;
			children = (
				0438688F2ACE9DFE007E6E4D /* MobCompW3App.swift */,
				043868B92ACE9E31007E6E4D /* View */,
				043868932ACE9DFF007E6E4D /* Assets.xcassets */,
				043868952ACE9DFF007E6E4D /* Preview Content */,
				043868BC2ACE9E52007E6E4D /* Model */,
			);
			path = MobCompW3;
			sourceTree = "<group>";
		};
		043868952ACE9DFF007E6E4D /* Preview Content */ = {
			isa = PBXGroup;
			children = (
				043868962ACE9DFF007E6E4D /* Preview Assets.xcassets */,
			);
			path = "Preview Content";
			sourceTree = "<group>";
		};
		0438689F2ACE9DFF007E6E4D /* MobCompW3Tests */ = {
			isa = PBXGroup;
			children = (
				043868A02ACE9DFF007E6E4D /* MobCompW3Tests.swift */,
			);
			path = MobCompW3Tests;
			sourceTree = "<group>";
		};
		043868A92ACE9DFF007E6E4D /* MobCompW3UITests */ = {
			isa = PBXGroup;
			children = (
				043868AA2ACE9DFF007E6E4D /* MobCompW3UITests.swift */,
				043868AC2ACE9E00007E6E4D /* MobCompW3UITestsLaunchTests.swift */,
			);
			path = MobCompW3UITests;
			sourceTree = "<group>";
		};
		043868B92ACE9E31007E6E4D /* View */ = {
			isa = PBXGroup;
			children = (
				043868912ACE9DFE007E6E4D /* ContentView.swift */,
				043868BD2ACEA7A9007E6E4D /* ControlButton.swift */,
			);
			path = View;
			sourceTree = "<group>";
		};
		043868BC2ACE9E52007E6E4D /* Model */ = {
			isa = PBXGroup;
			children = (
				043868BA2ACE9E4C007E6E4D /* Calculator.swift */,
			);
			path = Model;
			sourceTree = "<group>";
		};
/* End PBXGroup section */

/* Begin PBXNativeTarget section */
		0438688B2ACE9DFE007E6E4D /* MobCompW3 */ = {
			isa = PBXNativeTarget;
			buildConfigurationList = 043868B02ACE9E00007E6E4D /* Build configuration list for PBXNativeTarget "MobCompW3" */;
			buildPhases = (
				043868882ACE9DFE007E6E4D /* Sources */,
				043868892ACE9DFE007E6E4D /* Frameworks */,
				0438688A2ACE9DFE007E6E4D /* Resources */,
			);
			buildRules = (
			);
			dependencies = (
			);
			name = MobCompW3;
			productName = MobCompW3;
			productReference = 0438688C2ACE9DFE007E6E4D /* MobCompW3.app */;
			productType = "com.apple.product-type.application";
		};
		0438689B2ACE9DFF007E6E4D /* MobCompW3Tests */ = {
			isa = PBXNativeTarget;
			buildConfigurationList = 043868B32ACE9E00007E6E4D /* Build configuration list for PBXNativeTarget "MobCompW3Tests" */;
			buildPhases = (
				043868982ACE9DFF007E6E4D /* Sources */,
				043868992ACE9DFF007E6E4D /* Frameworks */,
				0438689A2ACE9DFF007E6E4D /* Resources */,
			);
			buildRules = (
			);
			dependencies = (
				0438689E2ACE9DFF007E6E4D /* PBXTargetDependency */,
			);
			name = MobCompW3Tests;
			productName = MobCompW3Tests;
			productReference = 0438689C2ACE9DFF007E6E4D /* MobCompW3Tests.xctest */;
			productType = "com.apple.product-type.bundle.unit-test";
		};
		043868A52ACE9DFF007E6E4D /* MobCompW3UITests */ = {
			isa = PBXNativeTarget;
			buildConfigurationList = 043868B62ACE9E00007E6E4D /* Build configuration list for PBXNativeTarget "MobCompW3UITests" */;
			buildPhases = (
				043868A22ACE9DFF007E6E4D /* Sources */,
				043868A32ACE9DFF007E6E4D /* Frameworks */,
				043868A42ACE9DFF007E6E4D /* Resources */,
			);
			buildRules = (
			);
			dependencies = (
				043868A82ACE9DFF007E6E4D /* PBXTargetDependency */,
			);
			name = MobCompW3UITests;
			productName = MobCompW3UITests;
			productReference = 043868A62ACE9DFF007E6E4D /* MobCompW3UITests.xctest */;
			productType = "com.apple.product-type.bundle.ui-testing";
		};
/* End PBXNativeTarget section */

/* Begin PBXProject section */
		043868842ACE9DFE007E6E4D /* Project object */ = {
			isa = PBXProject;
			attributes = {
				BuildIndependentTargetsInParallel = 1;
				LastSwiftUpdateCheck = 1430;
				LastUpgradeCheck = 1430;
				TargetAttributes = {
					0438688B2ACE9DFE007E6E4D = {
						CreatedOnToolsVersion = 14.3.1;
					};
					0438689B2ACE9DFF007E6E4D = {
						CreatedOnToolsVersion = 14.3.1;
						TestTargetID = 0438688B2ACE9DFE007E6E4D;
					};
					043868A52ACE9DFF007E6E4D = {
						CreatedOnToolsVersion = 14.3.1;
						TestTargetID = 0438688B2ACE9DFE007E6E4D;
					};
				};
			};
			buildConfigurationList = 043868872ACE9DFE007E6E4D /* Build configuration list for PBXProject "MobCompW3" */;
			compatibilityVersion = "Xcode 14.0";
			developmentRegion = en;
			hasScannedForEncodings = 0;
			knownRegions = (
				en,
				Base,
			);
			mainGroup = 043868832ACE9DFE007E6E4D;
			productRefGroup = 0438688D2ACE9DFE007E6E4D /* Products */;
			projectDirPath = "";
			projectRoot = "";
			targets = (
				0438688B2ACE9DFE007E6E4D /* MobCompW3 */,
				0438689B2ACE9DFF007E6E4D /* MobCompW3Tests */,
				043868A52ACE9DFF007E6E4D /* MobCompW3UITests */,
			);
		};
/* End PBXProject section */

/* Begin PBXResourcesBuildPhase section */
		0438688A2ACE9DFE007E6E4D /* Resources */ = {
			isa = PBXResourcesBuildPhase;
			buildActionMask = 2147483647;
			files = (
				043868972ACE9DFF007E6E4D /* Preview Assets.xcassets in Resources */,
				043868942ACE9DFF007E6E4D /* Assets.xcassets in Resources */,
			);
			runOnlyForDeploymentPostprocessing = 0;
		};
		0438689A2ACE9DFF007E6E4D /* Resources */ = {
			isa = PBXResourcesBuildPhase;
			buildActionMask = 2147483647;
			files = (
			);
			runOnlyForDeploymentPostprocessing = 0;
		};
		043868A42ACE9DFF007E6E4D /* Resources */ = {
			isa = PBXResourcesBuildPhase;
			buildActionMask = 2147483647;
			files = (
			);
			runOnlyForDeploymentPostprocessing = 0;
		};
/* End PBXResourcesBuildPhase section */

/* Begin PBXSourcesBuildPhase section */
		043868882ACE9DFE007E6E4D /* Sources */ = {
			isa = PBXSourcesBuildPhase;
			buildActionMask = 2147483647;
			files = (
				043868922ACE9DFE007E6E4D /* ContentView.swift in Sources */,
				043868902ACE9DFE007E6E4D /* MobCompW3App.swift in Sources */,
				043868BE2ACEA7A9007E6E4D /* ControlButton.swift in Sources */,
				043868BB2ACE9E4C007E6E4D /* Calculator.swift in Sources */,
			);
			runOnlyForDeploymentPostprocessing = 0;
		};
		043868982ACE9DFF007E6E4D /* Sources */ = {
			isa = PBXSourcesBuildPhase;
			buildActionMask = 2147483647;
			files = (
				043868A12ACE9DFF007E6E4D /* MobCompW3Tests.swift in Sources */,
			);
			runOnlyForDeploymentPostprocessing = 0;
		};
		043868A22ACE9DFF007E6E4D /* Sources */ = {
			isa = PBXSourcesBuildPhase;
			buildActionMask = 2147483647;
			files = (
				043868AD2ACE9E00007E6E4D /* MobCompW3UITestsLaunchTests.swift in Sources */,
				043868AB2ACE9DFF007E6E4D /* MobCompW3UITests.swift in Sources */,
			);
			runOnlyForDeploymentPostprocessing = 0;
		};
/* End PBXSourcesBuildPhase section */

/* Begin PBXTargetDependency section */
		0438689E2ACE9DFF007E6E4D /* PBXTargetDependency */ = {
			isa = PBXTargetDependency;
			target = 0438688B2ACE9DFE007E6E4D /* MobCompW3 */;
			targetProxy = 0438689D2ACE9DFF007E6E4D /* PBXContainerItemProxy */;
		};
		043868A82ACE9DFF007E6E4D /* PBXTargetDependency */ = {
			isa = PBXTargetDependency;
			target = 0438688B2ACE9DFE007E6E4D /* MobCompW3 */;
			targetProxy = 043868A72ACE9DFF007E6E4D /* PBXContainerItemProxy */;
		};
/* End PBXTargetDependency section */

/* Begin XCBuildConfiguration section */
		043868AE2ACE9E00007E6E4D /* Debug */ = {
			isa = XCBuildConfiguration;
			buildSettings = {
				ALWAYS_SEARCH_USER_PATHS = NO;
				CLANG_ANALYZER_NONNULL = YES;
				CLANG_ANALYZER_NUMBER_OBJECT_CONVERSION = YES_AGGRESSIVE;
				CLANG_CXX_LANGUAGE_STANDARD = "gnu++20";
				CLANG_ENABLE_MODULES = YES;
				CLANG_ENABLE_OBJC_ARC = YES;
				CLANG_ENABLE_OBJC_WEAK = YES;
				CLANG_WARN_BLOCK_CAPTURE_AUTORELEASING = YES;
				CLANG_WARN_BOOL_CONVERSION = YES;
				CLANG_WARN_COMMA = YES;
				CLANG_WARN_CONSTANT_CONVERSION = YES;
				CLANG_WARN_DEPRECATED_OBJC_IMPLEMENTATIONS = YES;
				CLANG_WARN_DIRECT_OBJC_ISA_USAGE = YES_ERROR;
				CLANG_WARN_DOCUMENTATION_COMMENTS = YES;
				CLANG_WARN_EMPTY_BODY = YES;
				CLANG_WARN_ENUM_CONVERSION = YES;
				CLANG_WARN_INFINITE_RECURSION = YES;
				CLANG_WARN_INT_CONVERSION = YES;
				CLANG_WARN_NON_LITERAL_NULL_CONVERSION = YES;
				CLANG_WARN_OBJC_IMPLICIT_RETAIN_SELF = YES;
				CLANG_WARN_OBJC_LITERAL_CONVERSION = YES;
				CLANG_WARN_OBJC_ROOT_CLASS = YES_ERROR;
				CLANG_WARN_QUOTED_INCLUDE_IN_FRAMEWORK_HEADER = YES;
				CLANG_WARN_RANGE_LOOP_ANALYSIS = YES;
				CLANG_WARN_STRICT_PROTOTYPES = YES;
				CLANG_WARN_SUSPICIOUS_MOVE = YES;
				CLANG_WARN_UNGUARDED_AVAILABILITY = YES_AGGRESSIVE;
				CLANG_WARN_UNREACHABLE_CODE = YES;
				CLANG_WARN__DUPLICATE_METHOD_MATCH = YES;
				COPY_PHASE_STRIP = NO;
				DEBUG_INFORMATION_FORMAT = dwarf;
				ENABLE_STRICT_OBJC_MSGSEND = YES;
				ENABLE_TESTABILITY = YES;
				GCC_C_LANGUAGE_STANDARD = gnu11;
				GCC_DYNAMIC_NO_PIC = NO;
				GCC_NO_COMMON_BLOCKS = YES;
				GCC_OPTIMIZATION_LEVEL = 0;
				GCC_PREPROCESSOR_DEFINITIONS = (
					"DEBUG=1",
					"$(inherited)",
				);
				GCC_WARN_64_TO_32_BIT_CONVERSION = YES;
				GCC_WARN_ABOUT_RETURN_TYPE = YES_ERROR;
				GCC_WARN_UNDECLARED_SELECTOR = YES;
				GCC_WARN_UNINITIALIZED_AUTOS = YES_AGGRESSIVE;
				GCC_WARN_UNUSED_FUNCTION = YES;
				GCC_WARN_UNUSED_VARIABLE = YES;
				IPHONEOS_DEPLOYMENT_TARGET = 16.4;
				MTL_ENABLE_DEBUG_INFO = INCLUDE_SOURCE;
				MTL_FAST_MATH = YES;
				ONLY_ACTIVE_ARCH = YES;
				SDKROOT = iphoneos;
				SWIFT_ACTIVE_COMPILATION_CONDITIONS = DEBUG;
				SWIFT_OPTIMIZATION_LEVEL = "-Onone";
			};
			name = Debug;
		};
		043868AF2ACE9E00007E6E4D /* Release */ = {
			isa = XCBuildConfiguration;
			buildSettings = {
				ALWAYS_SEARCH_USER_PATHS = NO;
				CLANG_ANALYZER_NONNULL = YES;
				CLANG_ANALYZER_NUMBER_OBJECT_CONVERSION = YES_AGGRESSIVE;
				CLANG_CXX_LANGUAGE_STANDARD = "gnu++20";
				CLANG_ENABLE_MODULES = YES;
				CLANG_ENABLE_OBJC_ARC = YES;
				CLANG_ENABLE_OBJC_WEAK = YES;
				CLANG_WARN_BLOCK_CAPTURE_AUTORELEASING = YES;
				CLANG_WARN_BOOL_CONVERSION = YES;
				CLANG_WARN_COMMA = YES;
				CLANG_WARN_CONSTANT_CONVERSION = YES;
				CLANG_WARN_DEPRECATED_OBJC_IMPLEMENTATIONS = YES;
				CLANG_WARN_DIRECT_OBJC_ISA_USAGE = YES_ERROR;
				CLANG_WARN_DOCUMENTATION_COMMENTS = YES;
				CLANG_WARN_EMPTY_BODY = YES;
				CLANG_WARN_ENUM_CONVERSION = YES;
				CLANG_WARN_INFINITE_RECURSION = YES;
				CLANG_WARN_INT_CONVERSION = YES;
				CLANG_WARN_NON_LITERAL_NULL_CONVERSION = YES;
				CLANG_WARN_OBJC_IMPLICIT_RETAIN_SELF = YES;
				CLANG_WARN_OBJC_LITERAL_CONVERSION = YES;
				CLANG_WARN_OBJC_ROOT_CLASS = YES_ERROR;
				CLANG_WARN_QUOTED_INCLUDE_IN_FRAMEWORK_HEADER = YES;
				CLANG_WARN_RANGE_LOOP_ANALYSIS = YES;
				CLANG_WARN_STRICT_PROTOTYPES = YES;
				CLANG_WARN_SUSPICIOUS_MOVE = YES;
				CLANG_WARN_UNGUARDED_AVAILABILITY = YES_AGGRESSIVE;
				CLANG_WARN_UNREACHABLE_CODE = YES;
				CLANG_WARN__DUPLICATE_METHOD_MATCH = YES;
				COPY_PHASE_STRIP = NO;
				DEBUG_INFORMATION_FORMAT = "dwarf-with-dsym";
				ENABLE_NS_ASSERTIONS = NO;
				ENABLE_STRICT_OBJC_MSGSEND = YES;
				GCC_C_LANGUAGE_STANDARD = gnu11;
				GCC_NO_COMMON_BLOCKS = YES;
				GCC_WARN_64_TO_32_BIT_CONVERSION = YES;
				GCC_WARN_ABOUT_RETURN_TYPE = YES_ERROR;
				GCC_WARN_UNDECLARED_SELECTOR = YES;
				GCC_WARN_UNINITIALIZED_AUTOS = YES_AGGRESSIVE;
				GCC_WARN_UNUSED_FUNCTION = YES;
				GCC_WARN_UNUSED_VARIABLE = YES;
				IPHONEOS_DEPLOYMENT_TARGET = 16.4;
				MTL_ENABLE_DEBUG_INFO = NO;
				MTL_FAST_MATH = YES;
				SDKROOT = iphoneos;
				SWIFT_COMPILATION_MODE = wholemodule;
				SWIFT_OPTIMIZATION_LEVEL = "-O";
				VALIDATE_PRODUCT = YES;
			};
			name = Release;
		};
		043868B12ACE9E00007E6E4D /* Debug */ = {
			isa = XCBuildConfiguration;
			buildSettings = {
				ASSETCATALOG_COMPILER_APPICON_NAME = AppIcon;
				ASSETCATALOG_COMPILER_GLOBAL_ACCENT_COLOR_NAME = AccentColor;
				CODE_SIGN_STYLE = Automatic;
				CURRENT_PROJECT_VERSION = 1;
				DEVELOPMENT_ASSET_PATHS = "\"MobCompW3/Preview Content\"";
				ENABLE_PREVIEWS = YES;
				GENERATE_INFOPLIST_FILE = YES;
				INFOPLIST_KEY_UIApplicationSceneManifest_Generation = YES;
				INFOPLIST_KEY_UIApplicationSupportsIndirectInputEvents = YES;
				INFOPLIST_KEY_UILaunchScreen_Generation = YES;
				INFOPLIST_KEY_UISupportedInterfaceOrientations_iPad = "UIInterfaceOrientationPortrait UIInterfaceOrientationPortraitUpsideDown UIInterfaceOrientationLandscapeLeft UIInterfaceOrientationLandscapeRight";
				INFOPLIST_KEY_UISupportedInterfaceOrientations_iPhone = "UIInterfaceOrientationPortrait UIInterfaceOrientationLandscapeLeft UIInterfaceOrientationLandscapeRight";
				LD_RUNPATH_SEARCH_PATHS = (
					"$(inherited)",
					"@executable_path/Frameworks",
				);
				MARKETING_VERSION = 1.0;
				PRODUCT_BUNDLE_IDENTIFIER = uc.MobCompW3;
				PRODUCT_NAME = "$(TARGET_NAME)";
				SWIFT_EMIT_LOC_STRINGS = YES;
				SWIFT_VERSION = 5.0;
				TARGETED_DEVICE_FAMILY = "1,2";
			};
			name = Debug;
		};
		043868B22ACE9E00007E6E4D /* Release */ = {
			isa = XCBuildConfiguration;
			buildSettings = {
				ASSETCATALOG_COMPILER_APPICON_NAME = AppIcon;
				ASSETCATALOG_COMPILER_GLOBAL_ACCENT_COLOR_NAME = AccentColor;
				CODE_SIGN_STYLE = Automatic;
				CURRENT_PROJECT_VERSION = 1;
				DEVELOPMENT_ASSET_PATHS = "\"MobCompW3/Preview Content\"";
				ENABLE_PREVIEWS = YES;
				GENERATE_INFOPLIST_FILE = YES;
				INFOPLIST_KEY_UIApplicationSceneManifest_Generation = YES;
				INFOPLIST_KEY_UIApplicationSupportsIndirectInputEvents = YES;
				INFOPLIST_KEY_UILaunchScreen_Generation = YES;
				INFOPLIST_KEY_UISupportedInterfaceOrientations_iPad = "UIInterfaceOrientationPortrait UIInterfaceOrientationPortraitUpsideDown UIInterfaceOrientationLandscapeLeft UIInterfaceOrientationLandscapeRight";
				INFOPLIST_KEY_UISupportedInterfaceOrientations_iPhone = "UIInterfaceOrientationPortrait UIInterfaceOrientationLandscapeLeft UIInterfaceOrientationLandscapeRight";
				LD_RUNPATH_SEARCH_PATHS = (
					"$(inherited)",
					"@executable_path/Frameworks",
				);
				MARKETING_VERSION = 1.0;
				PRODUCT_BUNDLE_IDENTIFIER = uc.MobCompW3;
				PRODUCT_NAME = "$(TARGET_NAME)";
				SWIFT_EMIT_LOC_STRINGS = YES;
				SWIFT_VERSION = 5.0;
				TARGETED_DEVICE_FAMILY = "1,2";
			};
			name = Release;
		};
		043868B42ACE9E00007E6E4D /* Debug */ = {
			isa = XCBuildConfiguration;
			buildSettings = {
				ALWAYS_EMBED_SWIFT_STANDARD_LIBRARIES = YES;
				BUNDLE_LOADER = "$(TEST_HOST)";
				CODE_SIGN_STYLE = Automatic;
				CURRENT_PROJECT_VERSION = 1;
				GENERATE_INFOPLIST_FILE = YES;
				IPHONEOS_DEPLOYMENT_TARGET = 16.4;
				MARKETING_VERSION = 1.0;
				PRODUCT_BUNDLE_IDENTIFIER = uc.MobCompW3Tests;
				PRODUCT_NAME = "$(TARGET_NAME)";
				SWIFT_EMIT_LOC_STRINGS = NO;
				SWIFT_VERSION = 5.0;
				TARGETED_DEVICE_FAMILY = "1,2";
				TEST_HOST = "$(BUILT_PRODUCTS_DIR)/MobCompW3.app/$(BUNDLE_EXECUTABLE_FOLDER_PATH)/MobCompW3";
			};
			name = Debug;
		};
		043868B52ACE9E00007E6E4D /* Release */ = {
			isa = XCBuildConfiguration;
			buildSettings = {
				ALWAYS_EMBED_SWIFT_STANDARD_LIBRARIES = YES;
				BUNDLE_LOADER = "$(TEST_HOST)";
				CODE_SIGN_STYLE = Automatic;
				CURRENT_PROJECT_VERSION = 1;
				GENERATE_INFOPLIST_FILE = YES;
				IPHONEOS_DEPLOYMENT_TARGET = 16.4;
				MARKETING_VERSION = 1.0;
				PRODUCT_BUNDLE_IDENTIFIER = uc.MobCompW3Tests;
				PRODUCT_NAME = "$(TARGET_NAME)";
				SWIFT_EMIT_LOC_STRINGS = NO;
				SWIFT_VERSION = 5.0;
				TARGETED_DEVICE_FAMILY = "1,2";
				TEST_HOST = "$(BUILT_PRODUCTS_DIR)/MobCompW3.app/$(BUNDLE_EXECUTABLE_FOLDER_PATH)/MobCompW3";
			};
			name = Release;
		};
		043868B72ACE9E00007E6E4D /* Debug */ = {
			isa = XCBuildConfiguration;
			buildSettings = {
				ALWAYS_EMBED_SWIFT_STANDARD_LIBRARIES = YES;
				CODE_SIGN_STYLE = Automatic;
				CURRENT_PROJECT_VERSION = 1;
				GENERATE_INFOPLIST_FILE = YES;
				MARKETING_VERSION = 1.0;
				PRODUCT_BUNDLE_IDENTIFIER = uc.MobCompW3UITests;
				PRODUCT_NAME = "$(TARGET_NAME)";
				SWIFT_EMIT_LOC_STRINGS = NO;
				SWIFT_VERSION = 5.0;
				TARGETED_DEVICE_FAMILY = "1,2";
				TEST_TARGET_NAME = MobCompW3;
			};
			name = Debug;
		};
		043868B82ACE9E00007E6E4D /* Release */ = {
			isa = XCBuildConfiguration;
			buildSettings = {
				ALWAYS_EMBED_SWIFT_STANDARD_LIBRARIES = YES;
				CODE_SIGN_STYLE = Automatic;
				CURRENT_PROJECT_VERSION = 1;
				GENERATE_INFOPLIST_FILE = YES;
				MARKETING_VERSION = 1.0;
				PRODUCT_BUNDLE_IDENTIFIER = uc.MobCompW3UITests;
				PRODUCT_NAME = "$(TARGET_NAME)";
				SWIFT_EMIT_LOC_STRINGS = NO;
				SWIFT_VERSION = 5.0;
				TARGETED_DEVICE_FAMILY = "1,2";
				TEST_TARGET_NAME = MobCompW3;
			};
			name = Release;
		};
/* End XCBuildConfiguration section */

/* Begin XCConfigurationList section */
		043868872ACE9DFE007E6E4D /* Build configuration list for PBXProject "MobCompW3" */ = {
			isa = XCConfigurationList;
			buildConfigurations = (
				043868AE2ACE9E00007E6E4D /* Debug */,
				043868AF2ACE9E00007E6E4D /* Release */,
			);
			defaultConfigurationIsVisible = 0;
			defaultConfigurationName = Release;
		};
		043868B02ACE9E00007E6E4D /* Build configuration list for PBXNativeTarget "MobCompW3" */ = {
			isa = XCConfigurationList;
			buildConfigurations = (
				043868B12ACE9E00007E6E4D /* Debug */,
				043868B22ACE9E00007E6E4D /* Release */,
			);
			defaultConfigurationIsVisible = 0;
			defaultConfigurationName = Release;
		};
		043868B32ACE9E00007E6E4D /* Build configuration list for PBXNativeTarget "MobCompW3Tests" */ = {
			isa = XCConfigurationList;
			buildConfigurations = (
				043868B42ACE9E00007E6E4D /* Debug */,
				043868B52ACE9E00007E6E4D /* Release */,
			);
			defaultConfigurationIsVisible = 0;
			defaultConfigurationName = Release;
		};
		043868B62ACE9E00007E6E4D /* Build configuration list for PBXNativeTarget "MobCompW3UITests" */ = {
			isa = XCConfigurationList;
			buildConfigurations = (
				043868B72ACE9E00007E6E4D /* Debug */,
				043868B82ACE9E00007E6E4D /* Release */,
			);
			defaultConfigurationIsVisible = 0;
			defaultConfigurationName = Release;
		};
/* End XCConfigurationList section */
	};
	rootObject = 043868842ACE9DFE007E6E4D /* Project object */;
}
